// !$*UTF8*$!
{
	archiveVersion = 1;
	classes = {
	};
	objectVersion = 46;
	objects = {

/* Begin PBXBuildFile section */
		754ACEE3EE6C48C736BE7629 /* libPods-ComicingGif.a in Frameworks */ = {isa = PBXBuildFile; fileRef = FCEAB9E6CD9B129793D59342 /* libPods-ComicingGif.a */; };
		F31794211E868AF40083BD19 /* GIFGenerator.m in Sources */ = {isa = PBXBuildFile; fileRef = F31794201E868AF40083BD19 /* GIFGenerator.m */; };
		F323D4531E8BCF7E00B41659 /* RoundCapProgressView.m in Sources */ = {isa = PBXBuildFile; fileRef = F323D4521E8BCF7E00B41659 /* RoundCapProgressView.m */; };
		F323D4591E8E448800B41659 /* ComicMaking.storyboard in Resources */ = {isa = PBXBuildFile; fileRef = F323D4571E8E448800B41659 /* ComicMaking.storyboard */; };
		F323D4671E8E679000B41659 /* theme_GIF1.gif in Resources */ = {isa = PBXBuildFile; fileRef = F323D45C1E8E679000B41659 /* theme_GIF1.gif */; };
		F323D4681E8E679000B41659 /* theme_GIF2.gif in Resources */ = {isa = PBXBuildFile; fileRef = F323D45D1E8E679000B41659 /* theme_GIF2.gif */; };
		F323D4691E8E679000B41659 /* theme_GIF3.gif in Resources */ = {isa = PBXBuildFile; fileRef = F323D45E1E8E679000B41659 /* theme_GIF3.gif */; };
		F323D46A1E8E679000B41659 /* theme_GIF4.gif in Resources */ = {isa = PBXBuildFile; fileRef = F323D45F1E8E679000B41659 /* theme_GIF4.gif */; };
		F323D46B1E8E679000B41659 /* theme_GIF5.gif in Resources */ = {isa = PBXBuildFile; fileRef = F323D4601E8E679000B41659 /* theme_GIF5.gif */; };
		F323D46C1E8E679000B41659 /* theme_GIF6.gif in Resources */ = {isa = PBXBuildFile; fileRef = F323D4611E8E679000B41659 /* theme_GIF6.gif */; };
		F323D46D1E8E679000B41659 /* theme_GIF7.gif in Resources */ = {isa = PBXBuildFile; fileRef = F323D4621E8E679000B41659 /* theme_GIF7.gif */; };
		F323D46E1E8E679000B41659 /* theme_GIF8.gif in Resources */ = {isa = PBXBuildFile; fileRef = F323D4631E8E679000B41659 /* theme_GIF8.gif */; };
		F323D46F1E8E679000B41659 /* theme_GIF9.gif in Resources */ = {isa = PBXBuildFile; fileRef = F323D4641E8E679000B41659 /* theme_GIF9.gif */; };
		F323D4701E8E679000B41659 /* theme_GIF10.gif in Resources */ = {isa = PBXBuildFile; fileRef = F323D4651E8E679000B41659 /* theme_GIF10.gif */; };
		F323D4711E8E679000B41659 /* theme_GIF11.gif in Resources */ = {isa = PBXBuildFile; fileRef = F323D4661E8E679000B41659 /* theme_GIF11.gif */; };
		F323D4751E8E6CBD00B41659 /* ComicMakingViewController.m in Sources */ = {isa = PBXBuildFile; fileRef = F323D4741E8E6CBD00B41659 /* ComicMakingViewController.m */; };
		F323D47F1E8E752200B41659 /* BaseObject.m in Sources */ = {isa = PBXBuildFile; fileRef = F323D47E1E8E752200B41659 /* BaseObject.m */; };
		F323D4851E8E767500B41659 /* StickerObject.m in Sources */ = {isa = PBXBuildFile; fileRef = F323D4841E8E767500B41659 /* StickerObject.m */; };
		F323D4881E8E769E00B41659 /* BubbleObject.m in Sources */ = {isa = PBXBuildFile; fileRef = F323D4871E8E769E00B41659 /* BubbleObject.m */; };
		F323D48B1E8E76C100B41659 /* CaptionObject.m in Sources */ = {isa = PBXBuildFile; fileRef = F323D48A1E8E76C100B41659 /* CaptionObject.m */; };
		F323D48E1E8E770400B41659 /* PenObject.m in Sources */ = {isa = PBXBuildFile; fileRef = F323D48D1E8E770400B41659 /* PenObject.m */; };
		F323D4911E8E77A100B41659 /* ComicMakingViewModel.m in Sources */ = {isa = PBXBuildFile; fileRef = F323D4901E8E77A100B41659 /* ComicMakingViewModel.m */; };
		F323D4991E8F035200B41659 /* BkImageObject.m in Sources */ = {isa = PBXBuildFile; fileRef = F323D4981E8F035200B41659 /* BkImageObject.m */; };
		F323D49D1E8F1BBE00B41659 /* ComicObjectView.m in Sources */ = {isa = PBXBuildFile; fileRef = F323D49C1E8F1BBE00B41659 /* ComicObjectView.m */; };
		F36BE3A91E830E22007F6CE7 /* main.m in Sources */ = {isa = PBXBuildFile; fileRef = F36BE3A81E830E22007F6CE7 /* main.m */; };
		F36BE3AC1E830E22007F6CE7 /* AppDelegate.m in Sources */ = {isa = PBXBuildFile; fileRef = F36BE3AB1E830E22007F6CE7 /* AppDelegate.m */; };
		F36BE3B21E830E22007F6CE7 /* Main.storyboard in Resources */ = {isa = PBXBuildFile; fileRef = F36BE3B01E830E22007F6CE7 /* Main.storyboard */; };
		F36BE3B41E830E22007F6CE7 /* Assets.xcassets in Resources */ = {isa = PBXBuildFile; fileRef = F36BE3B31E830E22007F6CE7 /* Assets.xcassets */; };
		F36BE3B71E830E22007F6CE7 /* LaunchScreen.storyboard in Resources */ = {isa = PBXBuildFile; fileRef = F36BE3B51E830E22007F6CE7 /* LaunchScreen.storyboard */; };
		F36BE3C31E831369007F6CE7 /* CameraViewController.m in Sources */ = {isa = PBXBuildFile; fileRef = F36BE3C21E831369007F6CE7 /* CameraViewController.m */; };
		F36BE3C61E83367B007F6CE7 /* CameraViewModel.m in Sources */ = {isa = PBXBuildFile; fileRef = F36BE3C51E83367B007F6CE7 /* CameraViewModel.m */; };
		F3FB2CA91E931CEA0087BD9C /* ComicObjectSerialize.m in Sources */ = {isa = PBXBuildFile; fileRef = F3FB2CA81E931CEA0087BD9C /* ComicObjectSerialize.m */; };
/* End PBXBuildFile section */

/* Begin PBXFileReference section */
		5C6CB3F124F1DC1C548C2BE5 /* Pods-ComicingGif.release.xcconfig */ = {isa = PBXFileReference; includeInIndex = 1; lastKnownFileType = text.xcconfig; name = "Pods-ComicingGif.release.xcconfig"; path = "Pods/Target Support Files/Pods-ComicingGif/Pods-ComicingGif.release.xcconfig"; sourceTree = "<group>"; };
		AE19661F1E1C934A23192074 /* Pods-ComicingGif.debug.xcconfig */ = {isa = PBXFileReference; includeInIndex = 1; lastKnownFileType = text.xcconfig; name = "Pods-ComicingGif.debug.xcconfig"; path = "Pods/Target Support Files/Pods-ComicingGif/Pods-ComicingGif.debug.xcconfig"; sourceTree = "<group>"; };
		F317941F1E868AF40083BD19 /* GIFGenerator.h */ = {isa = PBXFileReference; fileEncoding = 4; lastKnownFileType = sourcecode.c.h; name = GIFGenerator.h; path = Utils/GIFGenerator.h; sourceTree = "<group>"; };
		F31794201E868AF40083BD19 /* GIFGenerator.m */ = {isa = PBXFileReference; fileEncoding = 4; lastKnownFileType = sourcecode.c.objc; name = GIFGenerator.m; path = Utils/GIFGenerator.m; sourceTree = "<group>"; };
		F323D4511E8BCF7E00B41659 /* RoundCapProgressView.h */ = {isa = PBXFileReference; fileEncoding = 4; lastKnownFileType = sourcecode.c.h; name = RoundCapProgressView.h; path = CustomizedUI/RoundCapProgressView.h; sourceTree = "<group>"; };
		F323D4521E8BCF7E00B41659 /* RoundCapProgressView.m */ = {isa = PBXFileReference; fileEncoding = 4; lastKnownFileType = sourcecode.c.objc; name = RoundCapProgressView.m; path = CustomizedUI/RoundCapProgressView.m; sourceTree = "<group>"; };
		F323D4581E8E448800B41659 /* Base */ = {isa = PBXFileReference; lastKnownFileType = file.storyboard; name = Base; path = Base.lproj/ComicMaking.storyboard; sourceTree = "<group>"; };
		F323D45C1E8E679000B41659 /* theme_GIF1.gif */ = {isa = PBXFileReference; lastKnownFileType = image.gif; name = theme_GIF1.gif; path = animationGIF/theme_GIF1.gif; sourceTree = "<group>"; };
		F323D45D1E8E679000B41659 /* theme_GIF2.gif */ = {isa = PBXFileReference; lastKnownFileType = image.gif; name = theme_GIF2.gif; path = animationGIF/theme_GIF2.gif; sourceTree = "<group>"; };
		F323D45E1E8E679000B41659 /* theme_GIF3.gif */ = {isa = PBXFileReference; lastKnownFileType = image.gif; name = theme_GIF3.gif; path = animationGIF/theme_GIF3.gif; sourceTree = "<group>"; };
		F323D45F1E8E679000B41659 /* theme_GIF4.gif */ = {isa = PBXFileReference; lastKnownFileType = image.gif; name = theme_GIF4.gif; path = animationGIF/theme_GIF4.gif; sourceTree = "<group>"; };
		F323D4601E8E679000B41659 /* theme_GIF5.gif */ = {isa = PBXFileReference; lastKnownFileType = image.gif; name = theme_GIF5.gif; path = animationGIF/theme_GIF5.gif; sourceTree = "<group>"; };
		F323D4611E8E679000B41659 /* theme_GIF6.gif */ = {isa = PBXFileReference; lastKnownFileType = image.gif; name = theme_GIF6.gif; path = animationGIF/theme_GIF6.gif; sourceTree = "<group>"; };
		F323D4621E8E679000B41659 /* theme_GIF7.gif */ = {isa = PBXFileReference; lastKnownFileType = image.gif; name = theme_GIF7.gif; path = animationGIF/theme_GIF7.gif; sourceTree = "<group>"; };
		F323D4631E8E679000B41659 /* theme_GIF8.gif */ = {isa = PBXFileReference; lastKnownFileType = image.gif; name = theme_GIF8.gif; path = animationGIF/theme_GIF8.gif; sourceTree = "<group>"; };
		F323D4641E8E679000B41659 /* theme_GIF9.gif */ = {isa = PBXFileReference; lastKnownFileType = image.gif; name = theme_GIF9.gif; path = animationGIF/theme_GIF9.gif; sourceTree = "<group>"; };
		F323D4651E8E679000B41659 /* theme_GIF10.gif */ = {isa = PBXFileReference; lastKnownFileType = image.gif; name = theme_GIF10.gif; path = animationGIF/theme_GIF10.gif; sourceTree = "<group>"; };
		F323D4661E8E679000B41659 /* theme_GIF11.gif */ = {isa = PBXFileReference; lastKnownFileType = image.gif; name = theme_GIF11.gif; path = animationGIF/theme_GIF11.gif; sourceTree = "<group>"; };
		F323D4731E8E6CBD00B41659 /* ComicMakingViewController.h */ = {isa = PBXFileReference; fileEncoding = 4; lastKnownFileType = sourcecode.c.h; name = ComicMakingViewController.h; path = ViewControllers/ComicMakingViewController.h; sourceTree = "<group>"; };
		F323D4741E8E6CBD00B41659 /* ComicMakingViewController.m */ = {isa = PBXFileReference; fileEncoding = 4; lastKnownFileType = sourcecode.c.objc; name = ComicMakingViewController.m; path = ViewControllers/ComicMakingViewController.m; sourceTree = "<group>"; };
		F323D47D1E8E752200B41659 /* BaseObject.h */ = {isa = PBXFileReference; fileEncoding = 4; lastKnownFileType = sourcecode.c.h; name = BaseObject.h; path = Objects/BaseObject.h; sourceTree = "<group>"; };
		F323D47E1E8E752200B41659 /* BaseObject.m */ = {isa = PBXFileReference; fileEncoding = 4; lastKnownFileType = sourcecode.c.objc; name = BaseObject.m; path = Objects/BaseObject.m; sourceTree = "<group>"; };
		F323D4831E8E767500B41659 /* StickerObject.h */ = {isa = PBXFileReference; fileEncoding = 4; lastKnownFileType = sourcecode.c.h; name = StickerObject.h; path = Objects/StickerObject.h; sourceTree = "<group>"; };
		F323D4841E8E767500B41659 /* StickerObject.m */ = {isa = PBXFileReference; fileEncoding = 4; lastKnownFileType = sourcecode.c.objc; name = StickerObject.m; path = Objects/StickerObject.m; sourceTree = "<group>"; };
		F323D4861E8E769E00B41659 /* BubbleObject.h */ = {isa = PBXFileReference; fileEncoding = 4; lastKnownFileType = sourcecode.c.h; name = BubbleObject.h; path = Objects/BubbleObject.h; sourceTree = "<group>"; };
		F323D4871E8E769E00B41659 /* BubbleObject.m */ = {isa = PBXFileReference; fileEncoding = 4; lastKnownFileType = sourcecode.c.objc; name = BubbleObject.m; path = Objects/BubbleObject.m; sourceTree = "<group>"; };
		F323D4891E8E76C100B41659 /* CaptionObject.h */ = {isa = PBXFileReference; fileEncoding = 4; lastKnownFileType = sourcecode.c.h; name = CaptionObject.h; path = Objects/CaptionObject.h; sourceTree = "<group>"; };
		F323D48A1E8E76C100B41659 /* CaptionObject.m */ = {isa = PBXFileReference; fileEncoding = 4; lastKnownFileType = sourcecode.c.objc; name = CaptionObject.m; path = Objects/CaptionObject.m; sourceTree = "<group>"; };
		F323D48C1E8E770400B41659 /* PenObject.h */ = {isa = PBXFileReference; fileEncoding = 4; lastKnownFileType = sourcecode.c.h; name = PenObject.h; path = Objects/PenObject.h; sourceTree = "<group>"; };
		F323D48D1E8E770400B41659 /* PenObject.m */ = {isa = PBXFileReference; fileEncoding = 4; lastKnownFileType = sourcecode.c.objc; name = PenObject.m; path = Objects/PenObject.m; sourceTree = "<group>"; };
		F323D48F1E8E77A100B41659 /* ComicMakingViewModel.h */ = {isa = PBXFileReference; fileEncoding = 4; lastKnownFileType = sourcecode.c.h; name = ComicMakingViewModel.h; path = ViewModels/ComicMakingViewModel.h; sourceTree = "<group>"; };
		F323D4901E8E77A100B41659 /* ComicMakingViewModel.m */ = {isa = PBXFileReference; fileEncoding = 4; lastKnownFileType = sourcecode.c.objc; name = ComicMakingViewModel.m; path = ViewModels/ComicMakingViewModel.m; sourceTree = "<group>"; };
		F323D4971E8F035200B41659 /* BkImageObject.h */ = {isa = PBXFileReference; fileEncoding = 4; lastKnownFileType = sourcecode.c.h; name = BkImageObject.h; path = Objects/BkImageObject.h; sourceTree = "<group>"; };
		F323D4981E8F035200B41659 /* BkImageObject.m */ = {isa = PBXFileReference; fileEncoding = 4; lastKnownFileType = sourcecode.c.objc; name = BkImageObject.m; path = Objects/BkImageObject.m; sourceTree = "<group>"; };
		F323D49A1E8F18BF00B41659 /* ObjectHeader.h */ = {isa = PBXFileReference; lastKnownFileType = sourcecode.c.h; name = ObjectHeader.h; path = Objects/ObjectHeader.h; sourceTree = "<group>"; };
		F323D49B1E8F1BBE00B41659 /* ComicObjectView.h */ = {isa = PBXFileReference; fileEncoding = 4; lastKnownFileType = sourcecode.c.h; name = ComicObjectView.h; path = CustomizedUI/ComicObjectView.h; sourceTree = "<group>"; };
		F323D49C1E8F1BBE00B41659 /* ComicObjectView.m */ = {isa = PBXFileReference; fileEncoding = 4; lastKnownFileType = sourcecode.c.objc; name = ComicObjectView.m; path = CustomizedUI/ComicObjectView.m; sourceTree = "<group>"; };
		F36BE3A41E830E22007F6CE7 /* ComicingGif.app */ = {isa = PBXFileReference; explicitFileType = wrapper.application; includeInIndex = 0; path = ComicingGif.app; sourceTree = BUILT_PRODUCTS_DIR; };
		F36BE3A81E830E22007F6CE7 /* main.m */ = {isa = PBXFileReference; lastKnownFileType = sourcecode.c.objc; path = main.m; sourceTree = "<group>"; };
		F36BE3AA1E830E22007F6CE7 /* AppDelegate.h */ = {isa = PBXFileReference; lastKnownFileType = sourcecode.c.h; path = AppDelegate.h; sourceTree = "<group>"; };
		F36BE3AB1E830E22007F6CE7 /* AppDelegate.m */ = {isa = PBXFileReference; lastKnownFileType = sourcecode.c.objc; path = AppDelegate.m; sourceTree = "<group>"; };
		F36BE3B11E830E22007F6CE7 /* Base */ = {isa = PBXFileReference; lastKnownFileType = file.storyboard; name = Base; path = Base.lproj/Main.storyboard; sourceTree = "<group>"; };
		F36BE3B31E830E22007F6CE7 /* Assets.xcassets */ = {isa = PBXFileReference; lastKnownFileType = folder.assetcatalog; path = Assets.xcassets; sourceTree = "<group>"; };
		F36BE3B61E830E22007F6CE7 /* Base */ = {isa = PBXFileReference; lastKnownFileType = file.storyboard; name = Base; path = Base.lproj/LaunchScreen.storyboard; sourceTree = "<group>"; };
		F36BE3B81E830E22007F6CE7 /* Info.plist */ = {isa = PBXFileReference; lastKnownFileType = text.plist.xml; path = Info.plist; sourceTree = "<group>"; };
		F36BE3C11E831369007F6CE7 /* CameraViewController.h */ = {isa = PBXFileReference; fileEncoding = 4; lastKnownFileType = sourcecode.c.h; name = CameraViewController.h; path = ViewControllers/CameraViewController.h; sourceTree = "<group>"; };
		F36BE3C21E831369007F6CE7 /* CameraViewController.m */ = {isa = PBXFileReference; fileEncoding = 4; lastKnownFileType = sourcecode.c.objc; name = CameraViewController.m; path = ViewControllers/CameraViewController.m; sourceTree = "<group>"; };
		F36BE3C41E83367B007F6CE7 /* CameraViewModel.h */ = {isa = PBXFileReference; fileEncoding = 4; lastKnownFileType = sourcecode.c.h; name = CameraViewModel.h; path = ViewModels/CameraViewModel.h; sourceTree = "<group>"; };
		F36BE3C51E83367B007F6CE7 /* CameraViewModel.m */ = {isa = PBXFileReference; fileEncoding = 4; lastKnownFileType = sourcecode.c.objc; name = CameraViewModel.m; path = ViewModels/CameraViewModel.m; sourceTree = "<group>"; };
		F3FB2CA71E931CEA0087BD9C /* ComicObjectSerialize.h */ = {isa = PBXFileReference; fileEncoding = 4; lastKnownFileType = sourcecode.c.h; name = ComicObjectSerialize.h; path = Utils/ComicObjectSerialize.h; sourceTree = "<group>"; };
		F3FB2CA81E931CEA0087BD9C /* ComicObjectSerialize.m */ = {isa = PBXFileReference; fileEncoding = 4; lastKnownFileType = sourcecode.c.objc; name = ComicObjectSerialize.m; path = Utils/ComicObjectSerialize.m; sourceTree = "<group>"; };
		FCEAB9E6CD9B129793D59342 /* libPods-ComicingGif.a */ = {isa = PBXFileReference; explicitFileType = archive.ar; includeInIndex = 0; path = "libPods-ComicingGif.a"; sourceTree = BUILT_PRODUCTS_DIR; };
/* End PBXFileReference section */

/* Begin PBXFrameworksBuildPhase section */
		F36BE3A11E830E22007F6CE7 /* Frameworks */ = {
			isa = PBXFrameworksBuildPhase;
			buildActionMask = 2147483647;
			files = (
				754ACEE3EE6C48C736BE7629 /* libPods-ComicingGif.a in Frameworks */,
			);
			runOnlyForDeploymentPostprocessing = 0;
		};
/* End PBXFrameworksBuildPhase section */

/* Begin PBXGroup section */
		0FCB1CD8138374D5160B076C /* Frameworks */ = {
			isa = PBXGroup;
			children = (
				FCEAB9E6CD9B129793D59342 /* libPods-ComicingGif.a */,
			);
			name = Frameworks;
			sourceTree = "<group>";
		};
		6C14EA160BB5C8071262C533 /* Pods */ = {
			isa = PBXGroup;
			children = (
				AE19661F1E1C934A23192074 /* Pods-ComicingGif.debug.xcconfig */,
				5C6CB3F124F1DC1C548C2BE5 /* Pods-ComicingGif.release.xcconfig */,
			);
			name = Pods;
			sourceTree = "<group>";
		};
		F317941E1E8689110083BD19 /* Utils */ = {
			isa = PBXGroup;
			children = (
				F3FB2CA51E931CAE0087BD9C /* ComicObjectSerialize */,
				F3FB2CA61E931CC60087BD9C /* GIFGenerator */,
			);
			name = Utils;
			sourceTree = "<group>";
		};
		F323D4501E8BCF4E00B41659 /* CustomizedUI */ = {
			isa = PBXGroup;
			children = (
				F323D4511E8BCF7E00B41659 /* RoundCapProgressView.h */,
				F323D4521E8BCF7E00B41659 /* RoundCapProgressView.m */,
			);
			name = CustomizedUI;
			sourceTree = "<group>";
		};
		F323D4541E8D85DC00B41659 /* Storyboards */ = {
			isa = PBXGroup;
			children = (
				F36BE3B01E830E22007F6CE7 /* Main.storyboard */,
				F323D4571E8E448800B41659 /* ComicMaking.storyboard */,
			);
			name = Storyboards;
			sourceTree = "<group>";
		};
		F323D4551E8E42CF00B41659 /* CameraViewController */ = {
			isa = PBXGroup;
			children = (
				F36BE3C11E831369007F6CE7 /* CameraViewController.h */,
				F36BE3C21E831369007F6CE7 /* CameraViewController.m */,
			);
			name = CameraViewController;
			sourceTree = "<group>";
		};
		F323D4561E8E42E200B41659 /* CameraViewModel */ = {
			isa = PBXGroup;
			children = (
				F36BE3C41E83367B007F6CE7 /* CameraViewModel.h */,
				F36BE3C51E83367B007F6CE7 /* CameraViewModel.m */,
			);
			name = CameraViewModel;
			sourceTree = "<group>";
		};
		F323D45A1E8E459100B41659 /* Views */ = {
			isa = PBXGroup;
			children = (
				F323D4781E8E714E00B41659 /* ComicObjectView */,
				F323D4501E8BCF4E00B41659 /* CustomizedUI */,
			);
			name = Views;
			sourceTree = "<group>";
		};
		F323D45B1E8E677B00B41659 /* AnimationGIF */ = {
			isa = PBXGroup;
			children = (
				F323D45C1E8E679000B41659 /* theme_GIF1.gif */,
				F323D45D1E8E679000B41659 /* theme_GIF2.gif */,
				F323D45E1E8E679000B41659 /* theme_GIF3.gif */,
				F323D45F1E8E679000B41659 /* theme_GIF4.gif */,
				F323D4601E8E679000B41659 /* theme_GIF5.gif */,
				F323D4611E8E679000B41659 /* theme_GIF6.gif */,
				F323D4621E8E679000B41659 /* theme_GIF7.gif */,
				F323D4631E8E679000B41659 /* theme_GIF8.gif */,
				F323D4641E8E679000B41659 /* theme_GIF9.gif */,
				F323D4651E8E679000B41659 /* theme_GIF10.gif */,
				F323D4661E8E679000B41659 /* theme_GIF11.gif */,
			);
			name = AnimationGIF;
			sourceTree = "<group>";
		};
		F323D4721E8E6C9B00B41659 /* ComicMakingViewController */ = {
			isa = PBXGroup;
			children = (
				F323D4731E8E6CBD00B41659 /* ComicMakingViewController.h */,
				F323D4741E8E6CBD00B41659 /* ComicMakingViewController.m */,
			);
			name = ComicMakingViewController;
			sourceTree = "<group>";
		};
		F323D4771E8E710E00B41659 /* ComicMakingViewModel */ = {
			isa = PBXGroup;
			children = (
				F323D48F1E8E77A100B41659 /* ComicMakingViewModel.h */,
				F323D4901E8E77A100B41659 /* ComicMakingViewModel.m */,
			);
			name = ComicMakingViewModel;
			sourceTree = "<group>";
		};
		F323D4781E8E714E00B41659 /* ComicObjectView */ = {
			isa = PBXGroup;
			children = (
				F323D49B1E8F1BBE00B41659 /* ComicObjectView.h */,
				F323D49C1E8F1BBE00B41659 /* ComicObjectView.m */,
			);
			name = ComicObjectView;
			sourceTree = "<group>";
		};
		F323D47C1E8E74EF00B41659 /* Objects */ = {
			isa = PBXGroup;
			children = (
				F323D49A1E8F18BF00B41659 /* ObjectHeader.h */,
				F323D47D1E8E752200B41659 /* BaseObject.h */,
				F323D47E1E8E752200B41659 /* BaseObject.m */,
				F323D4971E8F035200B41659 /* BkImageObject.h */,
				F323D4981E8F035200B41659 /* BkImageObject.m */,
				F323D4831E8E767500B41659 /* StickerObject.h */,
				F323D4841E8E767500B41659 /* StickerObject.m */,
				F323D4861E8E769E00B41659 /* BubbleObject.h */,
				F323D4871E8E769E00B41659 /* BubbleObject.m */,
				F323D4891E8E76C100B41659 /* CaptionObject.h */,
				F323D48A1E8E76C100B41659 /* CaptionObject.m */,
				F323D48C1E8E770400B41659 /* PenObject.h */,
				F323D48D1E8E770400B41659 /* PenObject.m */,
			);
			name = Objects;
			sourceTree = "<group>";
		};
		F36BE39B1E830E22007F6CE7 = {
			isa = PBXGroup;
			children = (
				F36BE3A61E830E22007F6CE7 /* ComicingGif */,
				F36BE3A51E830E22007F6CE7 /* Products */,
				6C14EA160BB5C8071262C533 /* Pods */,
				0FCB1CD8138374D5160B076C /* Frameworks */,
			);
			sourceTree = "<group>";
		};
		F36BE3A51E830E22007F6CE7 /* Products */ = {
			isa = PBXGroup;
			children = (
				F36BE3A41E830E22007F6CE7 /* ComicingGif.app */,
			);
			name = Products;
			sourceTree = "<group>";
		};
		F36BE3A61E830E22007F6CE7 /* ComicingGif */ = {
			isa = PBXGroup;
			children = (
				F323D45B1E8E677B00B41659 /* AnimationGIF */,
				F317941E1E8689110083BD19 /* Utils */,
				F323D47C1E8E74EF00B41659 /* Objects */,
				F323D45A1E8E459100B41659 /* Views */,
				F36BE3BF1E831322007F6CE7 /* ViewModels */,
				F36BE3C01E83132C007F6CE7 /* ViewControllers */,
				F323D4541E8D85DC00B41659 /* Storyboards */,
				F36BE3AA1E830E22007F6CE7 /* AppDelegate.h */,
				F36BE3AB1E830E22007F6CE7 /* AppDelegate.m */,
				F36BE3B51E830E22007F6CE7 /* LaunchScreen.storyboard */,
				F36BE3B31E830E22007F6CE7 /* Assets.xcassets */,
				F36BE3B81E830E22007F6CE7 /* Info.plist */,
				F36BE3A71E830E22007F6CE7 /* Supporting Files */,
			);
			path = ComicingGif;
			sourceTree = "<group>";
		};
		F36BE3A71E830E22007F6CE7 /* Supporting Files */ = {
			isa = PBXGroup;
			children = (
				F36BE3A81E830E22007F6CE7 /* main.m */,
			);
			name = "Supporting Files";
			sourceTree = "<group>";
		};
		F36BE3BF1E831322007F6CE7 /* ViewModels */ = {
			isa = PBXGroup;
			children = (
				F323D4771E8E710E00B41659 /* ComicMakingViewModel */,
				F323D4561E8E42E200B41659 /* CameraViewModel */,
			);
			name = ViewModels;
			sourceTree = "<group>";
		};
		F36BE3C01E83132C007F6CE7 /* ViewControllers */ = {
			isa = PBXGroup;
			children = (
				F323D4721E8E6C9B00B41659 /* ComicMakingViewController */,
				F323D4551E8E42CF00B41659 /* CameraViewController */,
			);
			name = ViewControllers;
			sourceTree = "<group>";
		};
		F3FB2CA51E931CAE0087BD9C /* ComicObjectSerialize */ = {
			isa = PBXGroup;
			children = (
				F3FB2CA71E931CEA0087BD9C /* ComicObjectSerialize.h */,
				F3FB2CA81E931CEA0087BD9C /* ComicObjectSerialize.m */,
			);
			name = ComicObjectSerialize;
			sourceTree = "<group>";
		};
		F3FB2CA61E931CC60087BD9C /* GIFGenerator */ = {
			isa = PBXGroup;
			children = (
				F317941F1E868AF40083BD19 /* GIFGenerator.h */,
				F31794201E868AF40083BD19 /* GIFGenerator.m */,
			);
			name = GIFGenerator;
			sourceTree = "<group>";
		};
/* End PBXGroup section */

/* Begin PBXNativeTarget section */
		F36BE3A31E830E22007F6CE7 /* ComicingGif */ = {
			isa = PBXNativeTarget;
			buildConfigurationList = F36BE3BB1E830E22007F6CE7 /* Build configuration list for PBXNativeTarget "ComicingGif" */;
			buildPhases = (
				E12871E4EB998F06BAE1D298 /* [CP] Check Pods Manifest.lock */,
				F36BE3A01E830E22007F6CE7 /* Sources */,
				F36BE3A11E830E22007F6CE7 /* Frameworks */,
				F36BE3A21E830E22007F6CE7 /* Resources */,
				C71E2360DFEC7A14E027EB63 /* [CP] Embed Pods Frameworks */,
				E02F063D756FE3856E8799B1 /* [CP] Copy Pods Resources */,
			);
			buildRules = (
			);
			dependencies = (
			);
			name = ComicingGif;
			productName = ComicingGif;
			productReference = F36BE3A41E830E22007F6CE7 /* ComicingGif.app */;
			productType = "com.apple.product-type.application";
		};
/* End PBXNativeTarget section */

/* Begin PBXProject section */
		F36BE39C1E830E22007F6CE7 /* Project object */ = {
			isa = PBXProject;
			attributes = {
				LastUpgradeCheck = 0820;
				ORGANIZATIONNAME = Com;
				TargetAttributes = {
					F36BE3A31E830E22007F6CE7 = {
						CreatedOnToolsVersion = 8.2.1;
						ProvisioningStyle = Manual;
					};
				};
			};
			buildConfigurationList = F36BE39F1E830E22007F6CE7 /* Build configuration list for PBXProject "ComicingGif" */;
			compatibilityVersion = "Xcode 3.2";
			developmentRegion = English;
			hasScannedForEncodings = 0;
			knownRegions = (
				en,
				Base,
			);
			mainGroup = F36BE39B1E830E22007F6CE7;
			productRefGroup = F36BE3A51E830E22007F6CE7 /* Products */;
			projectDirPath = "";
			projectRoot = "";
			targets = (
				F36BE3A31E830E22007F6CE7 /* ComicingGif */,
			);
		};
/* End PBXProject section */

/* Begin PBXResourcesBuildPhase section */
		F36BE3A21E830E22007F6CE7 /* Resources */ = {
			isa = PBXResourcesBuildPhase;
			buildActionMask = 2147483647;
			files = (
				F323D46F1E8E679000B41659 /* theme_GIF9.gif in Resources */,
				F323D46C1E8E679000B41659 /* theme_GIF6.gif in Resources */,
				F323D4671E8E679000B41659 /* theme_GIF1.gif in Resources */,
				F323D46E1E8E679000B41659 /* theme_GIF8.gif in Resources */,
				F36BE3B71E830E22007F6CE7 /* LaunchScreen.storyboard in Resources */,
				F323D46B1E8E679000B41659 /* theme_GIF5.gif in Resources */,
				F323D4681E8E679000B41659 /* theme_GIF2.gif in Resources */,
				F36BE3B41E830E22007F6CE7 /* Assets.xcassets in Resources */,
				F323D46D1E8E679000B41659 /* theme_GIF7.gif in Resources */,
				F36BE3B21E830E22007F6CE7 /* Main.storyboard in Resources */,
				F323D4591E8E448800B41659 /* ComicMaking.storyboard in Resources */,
				F323D46A1E8E679000B41659 /* theme_GIF4.gif in Resources */,
				F323D4701E8E679000B41659 /* theme_GIF10.gif in Resources */,
				F323D4691E8E679000B41659 /* theme_GIF3.gif in Resources */,
				F323D4711E8E679000B41659 /* theme_GIF11.gif in Resources */,
			);
			runOnlyForDeploymentPostprocessing = 0;
		};
/* End PBXResourcesBuildPhase section */

/* Begin PBXShellScriptBuildPhase section */
		C71E2360DFEC7A14E027EB63 /* [CP] Embed Pods Frameworks */ = {
			isa = PBXShellScriptBuildPhase;
			buildActionMask = 2147483647;
			files = (
			);
			inputPaths = (
			);
			name = "[CP] Embed Pods Frameworks";
			outputPaths = (
			);
			runOnlyForDeploymentPostprocessing = 0;
			shellPath = /bin/sh;
			shellScript = "\"${SRCROOT}/Pods/Target Support Files/Pods-ComicingGif/Pods-ComicingGif-frameworks.sh\"\n";
			showEnvVarsInLog = 0;
		};
		E02F063D756FE3856E8799B1 /* [CP] Copy Pods Resources */ = {
			isa = PBXShellScriptBuildPhase;
			buildActionMask = 2147483647;
			files = (
			);
			inputPaths = (
			);
			name = "[CP] Copy Pods Resources";
			outputPaths = (
			);
			runOnlyForDeploymentPostprocessing = 0;
			shellPath = /bin/sh;
			shellScript = "\"${SRCROOT}/Pods/Target Support Files/Pods-ComicingGif/Pods-ComicingGif-resources.sh\"\n";
			showEnvVarsInLog = 0;
		};
		E12871E4EB998F06BAE1D298 /* [CP] Check Pods Manifest.lock */ = {
			isa = PBXShellScriptBuildPhase;
			buildActionMask = 2147483647;
			files = (
			);
			inputPaths = (
			);
			name = "[CP] Check Pods Manifest.lock";
			outputPaths = (
			);
			runOnlyForDeploymentPostprocessing = 0;
			shellPath = /bin/sh;
			shellScript = "diff \"${PODS_ROOT}/../Podfile.lock\" \"${PODS_ROOT}/Manifest.lock\" > /dev/null\nif [ $? != 0 ] ; then\n    # print error to STDERR\n    echo \"error: The sandbox is not in sync with the Podfile.lock. Run 'pod install' or update your CocoaPods installation.\" >&2\n    exit 1\nfi\n";
			showEnvVarsInLog = 0;
		};
/* End PBXShellScriptBuildPhase section */

/* Begin PBXSourcesBuildPhase section */
		F36BE3A01E830E22007F6CE7 /* Sources */ = {
			isa = PBXSourcesBuildPhase;
			buildActionMask = 2147483647;
			files = (
				F323D4881E8E769E00B41659 /* BubbleObject.m in Sources */,
				F36BE3C31E831369007F6CE7 /* CameraViewController.m in Sources */,
				F323D4751E8E6CBD00B41659 /* ComicMakingViewController.m in Sources */,
				F323D4531E8BCF7E00B41659 /* RoundCapProgressView.m in Sources */,
				F36BE3C61E83367B007F6CE7 /* CameraViewModel.m in Sources */,
				F323D4851E8E767500B41659 /* StickerObject.m in Sources */,
				F323D48B1E8E76C100B41659 /* CaptionObject.m in Sources */,
				F323D49D1E8F1BBE00B41659 /* ComicObjectView.m in Sources */,
				F323D48E1E8E770400B41659 /* PenObject.m in Sources */,
				F36BE3AC1E830E22007F6CE7 /* AppDelegate.m in Sources */,
				F36BE3A91E830E22007F6CE7 /* main.m in Sources */,
				F3FB2CA91E931CEA0087BD9C /* ComicObjectSerialize.m in Sources */,
				F323D47F1E8E752200B41659 /* BaseObject.m in Sources */,
				F323D4911E8E77A100B41659 /* ComicMakingViewModel.m in Sources */,
				F31794211E868AF40083BD19 /* GIFGenerator.m in Sources */,
				F323D4991E8F035200B41659 /* BkImageObject.m in Sources */,
			);
			runOnlyForDeploymentPostprocessing = 0;
		};
/* End PBXSourcesBuildPhase section */

/* Begin PBXVariantGroup section */
		F323D4571E8E448800B41659 /* ComicMaking.storyboard */ = {
			isa = PBXVariantGroup;
			children = (
				F323D4581E8E448800B41659 /* Base */,
			);
			name = ComicMaking.storyboard;
			sourceTree = "<group>";
		};
		F36BE3B01E830E22007F6CE7 /* Main.storyboard */ = {
			isa = PBXVariantGroup;
			children = (
				F36BE3B11E830E22007F6CE7 /* Base */,
			);
			name = Main.storyboard;
			sourceTree = "<group>";
		};
		F36BE3B51E830E22007F6CE7 /* LaunchScreen.storyboard */ = {
			isa = PBXVariantGroup;
			children = (
				F36BE3B61E830E22007F6CE7 /* Base */,
			);
			name = LaunchScreen.storyboard;
			sourceTree = "<group>";
		};
/* End PBXVariantGroup section */

/* Begin XCBuildConfiguration section */
		F36BE3B91E830E22007F6CE7 /* Debug */ = {
			isa = XCBuildConfiguration;
			buildSettings = {
				ALWAYS_SEARCH_USER_PATHS = NO;
				CLANG_ANALYZER_NONNULL = YES;
				CLANG_CXX_LANGUAGE_STANDARD = "gnu++0x";
				CLANG_CXX_LIBRARY = "libc++";
				CLANG_ENABLE_MODULES = YES;
				CLANG_ENABLE_OBJC_ARC = YES;
				CLANG_WARN_BOOL_CONVERSION = YES;
				CLANG_WARN_CONSTANT_CONVERSION = YES;
				CLANG_WARN_DIRECT_OBJC_ISA_USAGE = YES_ERROR;
				CLANG_WARN_DOCUMENTATION_COMMENTS = YES;
				CLANG_WARN_EMPTY_BODY = YES;
				CLANG_WARN_ENUM_CONVERSION = YES;
				CLANG_WARN_INFINITE_RECURSION = YES;
				CLANG_WARN_INT_CONVERSION = YES;
				CLANG_WARN_OBJC_ROOT_CLASS = YES_ERROR;
				CLANG_WARN_SUSPICIOUS_MOVE = YES;
				CLANG_WARN_UNREACHABLE_CODE = YES;
				CLANG_WARN__DUPLICATE_METHOD_MATCH = YES;
				"CODE_SIGN_IDENTITY[sdk=iphoneos*]" = "iPhone Developer";
				COPY_PHASE_STRIP = NO;
				DEBUG_INFORMATION_FORMAT = dwarf;
				ENABLE_STRICT_OBJC_MSGSEND = YES;
				ENABLE_TESTABILITY = YES;
				GCC_C_LANGUAGE_STANDARD = gnu99;
				GCC_DYNAMIC_NO_PIC = NO;
				GCC_NO_COMMON_BLOCKS = YES;
				GCC_OPTIMIZATION_LEVEL = 0;
				GCC_PREPROCESSOR_DEFINITIONS = (
					"DEBUG=1",
					"$(inherited)",
				);
				GCC_WARN_64_TO_32_BIT_CONVERSION = YES;
				GCC_WARN_ABOUT_RETURN_TYPE = YES_ERROR;
				GCC_WARN_UNDECLARED_SELECTOR = YES;
				GCC_WARN_UNINITIALIZED_AUTOS = YES_AGGRESSIVE;
				GCC_WARN_UNUSED_FUNCTION = YES;
				GCC_WARN_UNUSED_VARIABLE = YES;
				IPHONEOS_DEPLOYMENT_TARGET = 10.2;
				MTL_ENABLE_DEBUG_INFO = YES;
				ONLY_ACTIVE_ARCH = YES;
				SDKROOT = iphoneos;
			};
			name = Debug;
		};
		F36BE3BA1E830E22007F6CE7 /* Release */ = {
			isa = XCBuildConfiguration;
			buildSettings = {
				ALWAYS_SEARCH_USER_PATHS = NO;
				CLANG_ANALYZER_NONNULL = YES;
				CLANG_CXX_LANGUAGE_STANDARD = "gnu++0x";
				CLANG_CXX_LIBRARY = "libc++";
				CLANG_ENABLE_MODULES = YES;
				CLANG_ENABLE_OBJC_ARC = YES;
				CLANG_WARN_BOOL_CONVERSION = YES;
				CLANG_WARN_CONSTANT_CONVERSION = YES;
				CLANG_WARN_DIRECT_OBJC_ISA_USAGE = YES_ERROR;
				CLANG_WARN_DOCUMENTATION_COMMENTS = YES;
				CLANG_WARN_EMPTY_BODY = YES;
				CLANG_WARN_ENUM_CONVERSION = YES;
				CLANG_WARN_INFINITE_RECURSION = YES;
				CLANG_WARN_INT_CONVERSION = YES;
				CLANG_WARN_OBJC_ROOT_CLASS = YES_ERROR;
				CLANG_WARN_SUSPICIOUS_MOVE = YES;
				CLANG_WARN_UNREACHABLE_CODE = YES;
				CLANG_WARN__DUPLICATE_METHOD_MATCH = YES;
				"CODE_SIGN_IDENTITY[sdk=iphoneos*]" = "iPhone Developer";
				COPY_PHASE_STRIP = NO;
				DEBUG_INFORMATION_FORMAT = "dwarf-with-dsym";
				ENABLE_NS_ASSERTIONS = NO;
				ENABLE_STRICT_OBJC_MSGSEND = YES;
				GCC_C_LANGUAGE_STANDARD = gnu99;
				GCC_NO_COMMON_BLOCKS = YES;
				GCC_WARN_64_TO_32_BIT_CONVERSION = YES;
				GCC_WARN_ABOUT_RETURN_TYPE = YES_ERROR;
				GCC_WARN_UNDECLARED_SELECTOR = YES;
				GCC_WARN_UNINITIALIZED_AUTOS = YES_AGGRESSIVE;
				GCC_WARN_UNUSED_FUNCTION = YES;
				GCC_WARN_UNUSED_VARIABLE = YES;
				IPHONEOS_DEPLOYMENT_TARGET = 10.2;
				MTL_ENABLE_DEBUG_INFO = NO;
				SDKROOT = iphoneos;
				VALIDATE_PRODUCT = YES;
			};
			name = Release;
		};
		F36BE3BC1E830E22007F6CE7 /* Debug */ = {
			isa = XCBuildConfiguration;
			baseConfigurationReference = AE19661F1E1C934A23192074 /* Pods-ComicingGif.debug.xcconfig */;
			buildSettings = {
				ASSETCATALOG_COMPILER_APPICON_NAME = AppIcon;
				CODE_SIGN_IDENTITY = "";
				DEVELOPMENT_TEAM = "";
				INFOPLIST_FILE = ComicingGif/Info.plist;
				IPHONEOS_DEPLOYMENT_TARGET = 10.0;
				LD_RUNPATH_SEARCH_PATHS = "$(inherited) @executable_path/Frameworks";
				PRODUCT_BUNDLE_IDENTIFIER = com.ComicingGif;
				PRODUCT_NAME = "$(TARGET_NAME)";
				PROVISIONING_PROFILE = "1509eb80-8f56-4eec-8872-5c9fe51e6e8c";
				PROVISIONING_PROFILE_SPECIFIER = "Dev Provision";
			};
			name = Debug;
		};
		F36BE3BD1E830E22007F6CE7 /* Release */ = {
			isa = XCBuildConfiguration;
			baseConfigurationReference = 5C6CB3F124F1DC1C548C2BE5 /* Pods-ComicingGif.release.xcconfig */;
			buildSettings = {
				ASSETCATALOG_COMPILER_APPICON_NAME = AppIcon;
				CODE_SIGN_IDENTITY = "";
				DEVELOPMENT_TEAM = "";
				INFOPLIST_FILE = ComicingGif/Info.plist;
				IPHONEOS_DEPLOYMENT_TARGET = 10.0;
				LD_RUNPATH_SEARCH_PATHS = "$(inherited) @executable_path/Frameworks";
				PRODUCT_BUNDLE_IDENTIFIER = com.ComicingGif;
				PRODUCT_NAME = "$(TARGET_NAME)";
				PROVISIONING_PROFILE = "1509eb80-8f56-4eec-8872-5c9fe51e6e8c";
				PROVISIONING_PROFILE_SPECIFIER = "Dev Provision";
			};
			name = Release;
		};
/* End XCBuildConfiguration section */

/* Begin XCConfigurationList section */
		F36BE39F1E830E22007F6CE7 /* Build configuration list for PBXProject "ComicingGif" */ = {
			isa = XCConfigurationList;
			buildConfigurations = (
				F36BE3B91E830E22007F6CE7 /* Debug */,
				F36BE3BA1E830E22007F6CE7 /* Release */,
			);
			defaultConfigurationIsVisible = 0;
			defaultConfigurationName = Release;
		};
		F36BE3BB1E830E22007F6CE7 /* Build configuration list for PBXNativeTarget "ComicingGif" */ = {
			isa = XCConfigurationList;
			buildConfigurations = (
				F36BE3BC1E830E22007F6CE7 /* Debug */,
				F36BE3BD1E830E22007F6CE7 /* Release */,
			);
			defaultConfigurationIsVisible = 0;
			defaultConfigurationName = Release;
		};
/* End XCConfigurationList section */
	};
	rootObject = F36BE39C1E830E22007F6CE7 /* Project object */;
}
